
Microsoft Visual Studio Solution File, Format Version 12.00
# Visual Studio Version 16
VisualStudioVersion = 16.0.29519.87
MinimumVisualStudioVersion = 10.0.40219.1
Project("{FAE04EC0-301F-11D3-BF4B-00C04F79EFBC}") = "AOA_Project", "AOA_Project\AOA_Project.csproj", "{9CD6CC9E-BBD7-4E21-9051-569D462B2BF1}"
EndProject
Global
	GlobalSection(SolutionConfigurationPlatforms) = preSolution
		Debug|Any CPU = Debug|Any CPU
		Release|Any CPU = Release|Any CPU
	EndGlobalSection
	GlobalSection(ProjectConfigurationPlatforms) = postSolution
		{9CD6CC9E-BBD7-4E21-9051-569D462B2BF1}.Debug|Any CPU.ActiveCfg = Debug|Any CPU
		{9CD6CC9E-BBD7-4E21-9051-569D462B2BF1}.Debug|Any CPU.Build.0 = Debug|Any CPU
		{9CD6CC9E-BBD7-4E21-9051-569D462B2BF1}.Release|Any CPU.ActiveCfg = Release|Any CPU
		{9CD6CC9E-BBD7-4E21-9051-569D462B2BF1}.Release|Any CPU.Build.0 = Release|Any CPU
	EndGlobalSection
	GlobalSection(SolutionProperties) = preSolution
		HideSolutionNode = FALSE
	EndGlobalSection
	GlobalSection(ExtensibilityGlobals) = postSolution
		SolutionGuid = {6B53809D-824E-4825-AFE8-6D4FC508FCE1}
	EndGlobalSection
EndGlobal
